
Microsoft Visual Studio Solution File, Format Version 12.00
# Visual Studio Version 17
VisualStudioVersion = 17.3.32901.215
MinimumVisualStudioVersion = 10.0.40219.1
Project("{9A19103F-16F7-4668-BE54-9A1E7A4F7556}") = "PublisherConsole", "PublisherConsole\PublisherConsole.csproj", "{E97E16D1-C1BB-4FC1-A9C3-3BFCAD61591E}"
EndProject
Project("{9A19103F-16F7-4668-BE54-9A1E7A4F7556}") = "PublisherDomain", "PublisherDomain\PublisherDomain.csproj", "{619F327B-F578-4B35-A0EE-6C4F8BD024A3}"
EndProject
Project("{9A19103F-16F7-4668-BE54-9A1E7A4F7556}") = "PublisherData", "PublisherData\PublisherData.csproj", "{8B96C8ED-DF98-442F-B614-9A90F4D00E6E}"
EndProject
Project("{FAE04EC0-301F-11D3-BF4B-00C04F79EFBC}") = "PubAPI", "PubAPI\PubAPI.csproj", "{99EBD750-E17E-46EB-85F3-4C422C6300A3}"
EndProject
Global
	GlobalSection(SolutionConfigurationPlatforms) = preSolution
		Debug|Any CPU = Debug|Any CPU
		Release|Any CPU = Release|Any CPU
	EndGlobalSection
	GlobalSection(ProjectConfigurationPlatforms) = postSolution
		{E97E16D1-C1BB-4FC1-A9C3-3BFCAD61591E}.Debug|Any CPU.ActiveCfg = Debug|Any CPU
		{E97E16D1-C1BB-4FC1-A9C3-3BFCAD61591E}.Debug|Any CPU.Build.0 = Debug|Any CPU
		{E97E16D1-C1BB-4FC1-A9C3-3BFCAD61591E}.Release|Any CPU.ActiveCfg = Release|Any CPU
		{E97E16D1-C1BB-4FC1-A9C3-3BFCAD61591E}.Release|Any CPU.Build.0 = Release|Any CPU
		{619F327B-F578-4B35-A0EE-6C4F8BD024A3}.Debug|Any CPU.ActiveCfg = Debug|Any CPU
		{619F327B-F578-4B35-A0EE-6C4F8BD024A3}.Debug|Any CPU.Build.0 = Debug|Any CPU
		{619F327B-F578-4B35-A0EE-6C4F8BD024A3}.Release|Any CPU.ActiveCfg = Release|Any CPU
		{619F327B-F578-4B35-A0EE-6C4F8BD024A3}.Release|Any CPU.Build.0 = Release|Any CPU
		{8B96C8ED-DF98-442F-B614-9A90F4D00E6E}.Debug|Any CPU.ActiveCfg = Debug|Any CPU
		{8B96C8ED-DF98-442F-B614-9A90F4D00E6E}.Debug|Any CPU.Build.0 = Debug|Any CPU
		{8B96C8ED-DF98-442F-B614-9A90F4D00E6E}.Release|Any CPU.ActiveCfg = Release|Any CPU
		{8B96C8ED-DF98-442F-B614-9A90F4D00E6E}.Release|Any CPU.Build.0 = Release|Any CPU
		{99EBD750-E17E-46EB-85F3-4C422C6300A3}.Debug|Any CPU.ActiveCfg = Debug|Any CPU
		{99EBD750-E17E-46EB-85F3-4C422C6300A3}.Debug|Any CPU.Build.0 = Debug|Any CPU
		{99EBD750-E17E-46EB-85F3-4C422C6300A3}.Release|Any CPU.ActiveCfg = Release|Any CPU
		{99EBD750-E17E-46EB-85F3-4C422C6300A3}.Release|Any CPU.Build.0 = Release|Any CPU
	EndGlobalSection
	GlobalSection(SolutionProperties) = preSolution
		HideSolutionNode = FALSE
	EndGlobalSection
	GlobalSection(ExtensibilityGlobals) = postSolution
		SolutionGuid = {3F6094C4-208E-471C-8CE8-4E761BBB85AB}
	EndGlobalSection
EndGlobal
